
Microsoft Visual Studio Solution File, Format Version 12.00
# Visual Studio Version 17
VisualStudioVersion = 17.4.33205.214
MinimumVisualStudioVersion = 10.0.40219.1
Project("{9A19103F-16F7-4668-BE54-9A1E7A4F7556}") = "Rectangles", "Rectangles\Rectangles.csproj", "{B01D829A-FFAE-43B3-85DF-82766A61F529}"
EndProject
Project("{FAE04EC0-301F-11D3-BF4B-00C04F79EFBC}") = "RectangleTests", "RectangleTests\RectangleTests.csproj", "{A56CE7B4-0C52-4B16-A733-081C0863DB3D}"
EndProject
Global
	GlobalSection(SolutionConfigurationPlatforms) = preSolution
		Debug|Any CPU = Debug|Any CPU
		Release|Any CPU = Release|Any CPU
	EndGlobalSection
	GlobalSection(ProjectConfigurationPlatforms) = postSolution
		{B01D829A-FFAE-43B3-85DF-82766A61F529}.Debug|Any CPU.ActiveCfg = Debug|Any CPU
		{B01D829A-FFAE-43B3-85DF-82766A61F529}.Debug|Any CPU.Build.0 = Debug|Any CPU
		{B01D829A-FFAE-43B3-85DF-82766A61F529}.Release|Any CPU.ActiveCfg = Release|Any CPU
		{B01D829A-FFAE-43B3-85DF-82766A61F529}.Release|Any CPU.Build.0 = Release|Any CPU
		{A56CE7B4-0C52-4B16-A733-081C0863DB3D}.Debug|Any CPU.ActiveCfg = Debug|Any CPU
		{A56CE7B4-0C52-4B16-A733-081C0863DB3D}.Debug|Any CPU.Build.0 = Debug|Any CPU
		{A56CE7B4-0C52-4B16-A733-081C0863DB3D}.Release|Any CPU.ActiveCfg = Release|Any CPU
		{A56CE7B4-0C52-4B16-A733-081C0863DB3D}.Release|Any CPU.Build.0 = Release|Any CPU
	EndGlobalSection
	GlobalSection(SolutionProperties) = preSolution
		HideSolutionNode = FALSE
	EndGlobalSection
	GlobalSection(ExtensibilityGlobals) = postSolution
		SolutionGuid = {7698ABFB-723C-4DA7-BC50-7F307EC06BFC}
	EndGlobalSection
EndGlobal
